{
  "name": "electricity-prices",
  "version": "1.0.0",
  "lockfileVersion": 3,
  "requires": true,
  "packages": {
    "": {
      "name": "electricity-prices",
      "version": "1.0.0",
      "license": "MIT",
      "dependencies": {
        "entsoe-api-client": "^0.9.6"
      }
    },
    "node_modules/@zip.js/zip.js": {
      "version": "2.7.20",
      "resolved": "https://registry.npmjs.org/@zip.js/zip.js/-/zip.js-2.7.20.tgz",
      "integrity": "sha512-rh5cby/bBOYC+hcK9qElDzbiIDeL3nhHPUTIE6/FQZR8mhY7azpthPdYbSNMOYBfv0AM188RNJ2yjtXsUfbAuQ==",
      "engines": {
        "deno": ">=1.0.0",
        "node": ">=16.5.0"
      }
    },
    "node_modules/busboy": {
      "version": "1.6.0",
      "resolved": "https://registry.npmjs.org/busboy/-/busboy-1.6.0.tgz",
      "integrity": "sha512-8SFQbg/0hQ9xy3UNTB0YEnsNBbWfhf7RtnzpL7TkBiTBRfrQ9Fxcnz7VJsleJpyp6rVLvXiuORqjlHi5q+PYuA==",
      "dependencies": {
        "streamsearch": "^1.1.0"
      },
      "engines": {
        "node": ">=10.16.0"
      }
    },
    "node_modules/entsoe-api-client": {
      "version": "0.9.6",
      "resolved": "https://registry.npmjs.org/entsoe-api-client/-/entsoe-api-client-0.9.6.tgz",
      "integrity": "sha512-qdw5AetH9+kDZXVWgAos2+TOkDKRRL/+cNds0Ah5Juq9m9dx/YlpWp0nvSDxvKz5BqRBcOjtz7xduxdwZeoYkA==",
      "dependencies": {
        "@zip.js/zip.js": "^2.6.63",
        "fast-xml-parser": "4.1.1",
        "undici": "^5.14.0"
      }
    },
    "node_modules/fast-xml-parser": {
      "version": "4.1.1",
      "resolved": "https://registry.npmjs.org/fast-xml-parser/-/fast-xml-parser-4.1.1.tgz",
      "integrity": "sha512-4gAP5PvNyrqePBOIIcpaEeE+nKBry1n6qTQiJsE59sLP0OC+YwhU7/XVmLLEMexbiluFQX1yEYm82Pk9B7xEiw==",
      "dependencies": {
        "strnum": "^1.0.5"
      },
      "bin": {
        "fxparser": "src/cli/cli.js"
      },
      "funding": {
        "type": "paypal",
        "url": "https://paypal.me/naturalintelligence"
      }
    },
    "node_modules/streamsearch": {
      "version": "1.1.0",
      "resolved": "https://registry.npmjs.org/streamsearch/-/streamsearch-1.1.0.tgz",
      "integrity": "sha512-Mcc5wHehp9aXz1ax6bZUyY5afg9u2rv5cqQI3mRrYkGC8rW2hM02jWuwjtL++LS5qinSyhj2QfLyNsuc+VsExg==",
      "engines": {
        "node": ">=10.0.0"
      }
    },
    "node_modules/strnum": {
      "version": "1.0.5",
      "resolved": "https://registry.npmjs.org/strnum/-/strnum-1.0.5.tgz",
      "integrity": "sha512-J8bbNyKKXl5qYcR36TIO8W3mVGVHrmmxsd5PAItGkmyzwJvybiw2IVq5nqd0i4LSNSkB/sx9VHllbfFdr9k1JA=="
    },
    "node_modules/undici": {
      "version": "5.23.0",
      "resolved": "https://registry.npmjs.org/undici/-/undici-5.23.0.tgz",
      "integrity": "sha512-1D7w+fvRsqlQ9GscLBwcAJinqcZGHUKjbOmXdlE/v8BvEGXjeWAax+341q44EuTcHXXnfyKNbKRq4Lg7OzhMmg==",
      "dependencies": {
        "busboy": "^1.6.0"
      },
      "engines": {
        "node": ">=14.0"
      }
    }
  }
}
